
Microsoft Visual Studio Solution File, Format Version 12.00
# Visual Studio 15
VisualStudioVersion = 15.0.28307.1022
MinimumVisualStudioVersion = 10.0.40219.1
Project("{FAE04EC0-301F-11D3-BF4B-00C04F79EFBC}") = "CRUD-Alumnos", "CRUD-Alumnos\CRUD-Alumnos.csproj", "{7B2BE16D-9935-4F43-AC30-5F4347D8B6D8}"
EndProject
Global
	GlobalSection(SolutionConfigurationPlatforms) = preSolution
		Debug|Any CPU = Debug|Any CPU
		Release|Any CPU = Release|Any CPU
	EndGlobalSection
	GlobalSection(ProjectConfigurationPlatforms) = postSolution
		{7B2BE16D-9935-4F43-AC30-5F4347D8B6D8}.Debug|Any CPU.ActiveCfg = Debug|Any CPU
		{7B2BE16D-9935-4F43-AC30-5F4347D8B6D8}.Debug|Any CPU.Build.0 = Debug|Any CPU
		{7B2BE16D-9935-4F43-AC30-5F4347D8B6D8}.Release|Any CPU.ActiveCfg = Release|Any CPU
		{7B2BE16D-9935-4F43-AC30-5F4347D8B6D8}.Release|Any CPU.Build.0 = Release|Any CPU
	EndGlobalSection
	GlobalSection(SolutionProperties) = preSolution
		HideSolutionNode = FALSE
	EndGlobalSection
	GlobalSection(ExtensibilityGlobals) = postSolution
		SolutionGuid = {88B0EE55-D284-4432-9D6F-D23B6AA3E17F}
	EndGlobalSection
EndGlobal
